
Microsoft Visual Studio Solution File, Format Version 12.00
# Visual Studio 15
VisualStudioVersion = 15.0.27428.2015
MinimumVisualStudioVersion = 10.0.40219.1
Project("{FAE04EC0-301F-11D3-BF4B-00C04F79EFBC}") = "WebHalloWelt", "WebHalloWelt\WebHalloWelt.csproj", "{53688A0E-92AF-4175-BB60-6FAC1472C186}"
EndProject
Global
	GlobalSection(SolutionConfigurationPlatforms) = preSolution
		Debug|Any CPU = Debug|Any CPU
		Release|Any CPU = Release|Any CPU
	EndGlobalSection
	GlobalSection(ProjectConfigurationPlatforms) = postSolution
		{53688A0E-92AF-4175-BB60-6FAC1472C186}.Debug|Any CPU.ActiveCfg = Debug|Any CPU
		{53688A0E-92AF-4175-BB60-6FAC1472C186}.Debug|Any CPU.Build.0 = Debug|Any CPU
		{53688A0E-92AF-4175-BB60-6FAC1472C186}.Release|Any CPU.ActiveCfg = Release|Any CPU
		{53688A0E-92AF-4175-BB60-6FAC1472C186}.Release|Any CPU.Build.0 = Release|Any CPU
	EndGlobalSection
	GlobalSection(SolutionProperties) = preSolution
		HideSolutionNode = FALSE
	EndGlobalSection
	GlobalSection(ExtensibilityGlobals) = postSolution
		SolutionGuid = {ADC93927-BD7E-4B63-A7BA-66AF45C2931A}
	EndGlobalSection
EndGlobal
